
Microsoft Visual Studio Solution File, Format Version 12.00
# Visual Studio Version 17
VisualStudioVersion = 17.8.34330.188
MinimumVisualStudioVersion = 10.0.40219.1
Project("{FAE04EC0-301F-11D3-BF4B-00C04F79EFBC}") = "EMS_MVC", "EMS_MVC.csproj", "{64C69CC8-4866-4969-8D14-B9E4968BA16B}"
EndProject
Project("{FAE04EC0-301F-11D3-BF4B-00C04F79EFBC}") = "EMS_DAL", "..\EMS_DAL\EMS_DAL.csproj", "{51EE222C-FCC5-4845-AAD1-3AB6CD031B14}"
EndProject
Project("{FAE04EC0-301F-11D3-BF4B-00C04F79EFBC}") = "EMS_BAL", "..\EMS_BAL\EMS_BAL.csproj", "{655E690D-2EE5-4302-9CAC-25DCB95C03C2}"
EndProject
Global
	GlobalSection(SolutionConfigurationPlatforms) = preSolution
		Debug|Any CPU = Debug|Any CPU
		Release|Any CPU = Release|Any CPU
	EndGlobalSection
	GlobalSection(ProjectConfigurationPlatforms) = postSolution
		{64C69CC8-4866-4969-8D14-B9E4968BA16B}.Debug|Any CPU.ActiveCfg = Debug|Any CPU
		{64C69CC8-4866-4969-8D14-B9E4968BA16B}.Debug|Any CPU.Build.0 = Debug|Any CPU
		{64C69CC8-4866-4969-8D14-B9E4968BA16B}.Release|Any CPU.ActiveCfg = Release|Any CPU
		{64C69CC8-4866-4969-8D14-B9E4968BA16B}.Release|Any CPU.Build.0 = Release|Any CPU
		{51EE222C-FCC5-4845-AAD1-3AB6CD031B14}.Debug|Any CPU.ActiveCfg = Debug|Any CPU
		{51EE222C-FCC5-4845-AAD1-3AB6CD031B14}.Debug|Any CPU.Build.0 = Debug|Any CPU
		{51EE222C-FCC5-4845-AAD1-3AB6CD031B14}.Release|Any CPU.ActiveCfg = Release|Any CPU
		{51EE222C-FCC5-4845-AAD1-3AB6CD031B14}.Release|Any CPU.Build.0 = Release|Any CPU
		{655E690D-2EE5-4302-9CAC-25DCB95C03C2}.Debug|Any CPU.ActiveCfg = Debug|Any CPU
		{655E690D-2EE5-4302-9CAC-25DCB95C03C2}.Debug|Any CPU.Build.0 = Debug|Any CPU
		{655E690D-2EE5-4302-9CAC-25DCB95C03C2}.Release|Any CPU.ActiveCfg = Release|Any CPU
		{655E690D-2EE5-4302-9CAC-25DCB95C03C2}.Release|Any CPU.Build.0 = Release|Any CPU
	EndGlobalSection
	GlobalSection(SolutionProperties) = preSolution
		HideSolutionNode = FALSE
	EndGlobalSection
	GlobalSection(ExtensibilityGlobals) = postSolution
		SolutionGuid = {B891ACCE-F9A0-4CCF-A2D7-D9B8DA00CB97}
	EndGlobalSection
EndGlobal
